
Microsoft Visual Studio Solution File, Format Version 12.00
Project("{FAE04EC0-301F-11D3-BF4B-00C04F79EFBC}") = "Simple_interpreter_1", "Simple_interpreter_1.csproj", "{3CF043CF-B48A-43F1-AFFA-38064E7DF4C2}"
EndProject
Global
	GlobalSection(SolutionConfigurationPlatforms) = preSolution
		Debug|Any CPU = Debug|Any CPU
		Release|Any CPU = Release|Any CPU
	EndGlobalSection
	GlobalSection(ProjectConfigurationPlatforms) = postSolution
		{3CF043CF-B48A-43F1-AFFA-38064E7DF4C2}.Debug|Any CPU.ActiveCfg = Debug|Any CPU
		{3CF043CF-B48A-43F1-AFFA-38064E7DF4C2}.Debug|Any CPU.Build.0 = Debug|Any CPU
		{3CF043CF-B48A-43F1-AFFA-38064E7DF4C2}.Release|Any CPU.ActiveCfg = Release|Any CPU
		{3CF043CF-B48A-43F1-AFFA-38064E7DF4C2}.Release|Any CPU.Build.0 = Release|Any CPU
	EndGlobalSection
EndGlobal
